
Microsoft Visual Studio Solution File, Format Version 12.00
# Visual Studio 15
VisualStudioVersion = 15.0.27703.2035
MinimumVisualStudioVersion = 10.0.40219.1
Project("{FAE04EC0-301F-11D3-BF4B-00C04F79EFBC}") = "ImageProcessingLibrary", "ImageProcessingLibrary\ImageProcessingLibrary.csproj", "{B2F04563-D4C7-4BFC-80D9-EC0AF41FF18B}"
EndProject
Project("{FAE04EC0-301F-11D3-BF4B-00C04F79EFBC}") = "ImageProcessingApp", "ImageProcessingApp\ImageProcessingApp.csproj", "{20173C10-D7D2-4045-8332-F15E2923BA15}"
EndProject
Global
	GlobalSection(SolutionConfigurationPlatforms) = preSolution
		Debug|Any CPU = Debug|Any CPU
		Release|Any CPU = Release|Any CPU
	EndGlobalSection
	GlobalSection(ProjectConfigurationPlatforms) = postSolution
		{B2F04563-D4C7-4BFC-80D9-EC0AF41FF18B}.Debug|Any CPU.ActiveCfg = Debug|Any CPU
		{B2F04563-D4C7-4BFC-80D9-EC0AF41FF18B}.Debug|Any CPU.Build.0 = Debug|Any CPU
		{B2F04563-D4C7-4BFC-80D9-EC0AF41FF18B}.Release|Any CPU.ActiveCfg = Release|Any CPU
		{B2F04563-D4C7-4BFC-80D9-EC0AF41FF18B}.Release|Any CPU.Build.0 = Release|Any CPU
		{20173C10-D7D2-4045-8332-F15E2923BA15}.Debug|Any CPU.ActiveCfg = Debug|Any CPU
		{20173C10-D7D2-4045-8332-F15E2923BA15}.Debug|Any CPU.Build.0 = Debug|Any CPU
		{20173C10-D7D2-4045-8332-F15E2923BA15}.Release|Any CPU.ActiveCfg = Release|Any CPU
		{20173C10-D7D2-4045-8332-F15E2923BA15}.Release|Any CPU.Build.0 = Release|Any CPU
	EndGlobalSection
	GlobalSection(SolutionProperties) = preSolution
		HideSolutionNode = FALSE
	EndGlobalSection
	GlobalSection(ExtensibilityGlobals) = postSolution
		SolutionGuid = {6125C7EA-FACC-4166-9B79-75409580571B}
	EndGlobalSection
EndGlobal
